// !$*UTF8*$!
{
	archiveVersion = 1;
	classes = {
	};
	objectVersion = 46;
	objects = {

/* Begin PBXBuildFile section */
		EFC2C6981D88D02F0031AA9C /* AppDelegate.swift in Sources */ = {isa = PBXBuildFile; fileRef = EFC2C6971D88D02F0031AA9C /* AppDelegate.swift */; };
		EFC2C69A1D88D02F0031AA9C /* art.scnassets in Resources */ = {isa = PBXBuildFile; fileRef = EFC2C6991D88D02F0031AA9C /* art.scnassets */; };
		EFC2C69C1D88D02F0031AA9C /* GameViewController.swift in Sources */ = {isa = PBXBuildFile; fileRef = EFC2C69B1D88D02F0031AA9C /* GameViewController.swift */; };
		EFC2C69F1D88D02F0031AA9C /* Main.storyboard in Resources */ = {isa = PBXBuildFile; fileRef = EFC2C69D1D88D02F0031AA9C /* Main.storyboard */; };
		EFC2C6A11D88D02F0031AA9C /* Assets.xcassets in Resources */ = {isa = PBXBuildFile; fileRef = EFC2C6A01D88D02F0031AA9C /* Assets.xcassets */; };
		EFC2C6A41D88D02F0031AA9C /* LaunchScreen.storyboard in Resources */ = {isa = PBXBuildFile; fileRef = EFC2C6A21D88D02F0031AA9C /* LaunchScreen.storyboard */; };
		EFC2C6AF1D88D02F0031AA9C /* GravitonTests.swift in Sources */ = {isa = PBXBuildFile; fileRef = EFC2C6AE1D88D02F0031AA9C /* GravitonTests.swift */; };
		EFC2C6BE1D8912910031AA9C /* Constants.swift in Sources */ = {isa = PBXBuildFile; fileRef = EFC2C6BD1D8912910031AA9C /* Constants.swift */; };
		EFC2C6C01D89E8020031AA9C /* PlanetView.swift in Sources */ = {isa = PBXBuildFile; fileRef = EFC2C6BF1D89E8020031AA9C /* PlanetView.swift */; };
/* End PBXBuildFile section */

/* Begin PBXContainerItemProxy section */
		EFC2C6AB1D88D02F0031AA9C /* PBXContainerItemProxy */ = {
			isa = PBXContainerItemProxy;
			containerPortal = EFC2C68C1D88D02F0031AA9C /* Project object */;
			proxyType = 1;
			remoteGlobalIDString = EFC2C6931D88D02F0031AA9C;
			remoteInfo = Graviton;
		};
/* End PBXContainerItemProxy section */

/* Begin PBXFileReference section */
		EFC2C6941D88D02F0031AA9C /* Graviton.app */ = {isa = PBXFileReference; explicitFileType = wrapper.application; includeInIndex = 0; path = Graviton.app; sourceTree = BUILT_PRODUCTS_DIR; };
		EFC2C6971D88D02F0031AA9C /* AppDelegate.swift */ = {isa = PBXFileReference; lastKnownFileType = sourcecode.swift; path = AppDelegate.swift; sourceTree = "<group>"; };
		EFC2C6991D88D02F0031AA9C /* art.scnassets */ = {isa = PBXFileReference; lastKnownFileType = wrapper.scnassets; path = art.scnassets; sourceTree = "<group>"; };
		EFC2C69B1D88D02F0031AA9C /* GameViewController.swift */ = {isa = PBXFileReference; lastKnownFileType = sourcecode.swift; path = GameViewController.swift; sourceTree = "<group>"; };
		EFC2C69E1D88D02F0031AA9C /* Base */ = {isa = PBXFileReference; lastKnownFileType = file.storyboard; name = Base; path = Base.lproj/Main.storyboard; sourceTree = "<group>"; };
		EFC2C6A01D88D02F0031AA9C /* Assets.xcassets */ = {isa = PBXFileReference; lastKnownFileType = folder.assetcatalog; path = Assets.xcassets; sourceTree = "<group>"; };
		EFC2C6A31D88D02F0031AA9C /* Base */ = {isa = PBXFileReference; lastKnownFileType = file.storyboard; name = Base; path = Base.lproj/LaunchScreen.storyboard; sourceTree = "<group>"; };
		EFC2C6A51D88D02F0031AA9C /* Info.plist */ = {isa = PBXFileReference; lastKnownFileType = text.plist.xml; path = Info.plist; sourceTree = "<group>"; };
		EFC2C6AA1D88D02F0031AA9C /* GravitonTests.xctest */ = {isa = PBXFileReference; explicitFileType = wrapper.cfbundle; includeInIndex = 0; path = GravitonTests.xctest; sourceTree = BUILT_PRODUCTS_DIR; };
		EFC2C6AE1D88D02F0031AA9C /* GravitonTests.swift */ = {isa = PBXFileReference; lastKnownFileType = sourcecode.swift; path = GravitonTests.swift; sourceTree = "<group>"; };
		EFC2C6B01D88D02F0031AA9C /* Info.plist */ = {isa = PBXFileReference; lastKnownFileType = text.plist.xml; path = Info.plist; sourceTree = "<group>"; };
		EFC2C6BD1D8912910031AA9C /* Constants.swift */ = {isa = PBXFileReference; fileEncoding = 4; lastKnownFileType = sourcecode.swift; path = Constants.swift; sourceTree = "<group>"; };
		EFC2C6BF1D89E8020031AA9C /* PlanetView.swift */ = {isa = PBXFileReference; fileEncoding = 4; lastKnownFileType = sourcecode.swift; path = PlanetView.swift; sourceTree = "<group>"; };
/* End PBXFileReference section */

/* Begin PBXFrameworksBuildPhase section */
		EFC2C6911D88D02F0031AA9C /* Frameworks */ = {
			isa = PBXFrameworksBuildPhase;
			buildActionMask = 2147483647;
			files = (
			);
			runOnlyForDeploymentPostprocessing = 0;
		};
		EFC2C6A71D88D02F0031AA9C /* Frameworks */ = {
			isa = PBXFrameworksBuildPhase;
			buildActionMask = 2147483647;
			files = (
			);
			runOnlyForDeploymentPostprocessing = 0;
		};
/* End PBXFrameworksBuildPhase section */

/* Begin PBXGroup section */
		EFC2C68B1D88D02F0031AA9C = {
			isa = PBXGroup;
			children = (
				EFC2C6961D88D02F0031AA9C /* Graviton */,
				EFC2C6AD1D88D02F0031AA9C /* GravitonTests */,
				EFC2C6951D88D02F0031AA9C /* Products */,
			);
			sourceTree = "<group>";
		};
		EFC2C6951D88D02F0031AA9C /* Products */ = {
			isa = PBXGroup;
			children = (
				EFC2C6941D88D02F0031AA9C /* Graviton.app */,
				EFC2C6AA1D88D02F0031AA9C /* GravitonTests.xctest */,
			);
			name = Products;
			sourceTree = "<group>";
		};
		EFC2C6961D88D02F0031AA9C /* Graviton */ = {
			isa = PBXGroup;
			children = (
				EFC2C6971D88D02F0031AA9C /* AppDelegate.swift */,
				EFC2C69B1D88D02F0031AA9C /* GameViewController.swift */,
				EFC2C6BF1D89E8020031AA9C /* PlanetView.swift */,
				EFC2C6BD1D8912910031AA9C /* Constants.swift */,
				EFC2C69D1D88D02F0031AA9C /* Main.storyboard */,
				EFC2C6A21D88D02F0031AA9C /* LaunchScreen.storyboard */,
				EFC2C6991D88D02F0031AA9C /* art.scnassets */,
				EFC2C6A01D88D02F0031AA9C /* Assets.xcassets */,
				EFC2C6A51D88D02F0031AA9C /* Info.plist */,
			);
			path = Graviton;
			sourceTree = "<group>";
		};
		EFC2C6AD1D88D02F0031AA9C /* GravitonTests */ = {
			isa = PBXGroup;
			children = (
				EFC2C6AE1D88D02F0031AA9C /* GravitonTests.swift */,
				EFC2C6B01D88D02F0031AA9C /* Info.plist */,
			);
			path = GravitonTests;
			sourceTree = "<group>";
		};
/* End PBXGroup section */

/* Begin PBXNativeTarget section */
		EFC2C6931D88D02F0031AA9C /* Graviton */ = {
			isa = PBXNativeTarget;
			buildConfigurationList = EFC2C6B31D88D02F0031AA9C /* Build configuration list for PBXNativeTarget "Graviton" */;
			buildPhases = (
				EFC2C6901D88D02F0031AA9C /* Sources */,
				EFC2C6911D88D02F0031AA9C /* Frameworks */,
				EFC2C6921D88D02F0031AA9C /* Resources */,
			);
			buildRules = (
			);
			dependencies = (
			);
			name = Graviton;
			productName = Graviton;
			productReference = EFC2C6941D88D02F0031AA9C /* Graviton.app */;
			productType = "com.apple.product-type.application";
		};
		EFC2C6A91D88D02F0031AA9C /* GravitonTests */ = {
			isa = PBXNativeTarget;
			buildConfigurationList = EFC2C6B61D88D02F0031AA9C /* Build configuration list for PBXNativeTarget "GravitonTests" */;
			buildPhases = (
				EFC2C6A61D88D02F0031AA9C /* Sources */,
				EFC2C6A71D88D02F0031AA9C /* Frameworks */,
				EFC2C6A81D88D02F0031AA9C /* Resources */,
			);
			buildRules = (
			);
			dependencies = (
				EFC2C6AC1D88D02F0031AA9C /* PBXTargetDependency */,
			);
			name = GravitonTests;
			productName = GravitonTests;
			productReference = EFC2C6AA1D88D02F0031AA9C /* GravitonTests.xctest */;
			productType = "com.apple.product-type.bundle.unit-test";
		};
/* End PBXNativeTarget section */

/* Begin PBXProject section */
		EFC2C68C1D88D02F0031AA9C /* Project object */ = {
			isa = PBXProject;
			attributes = {
				LastSwiftUpdateCheck = 0800;
				LastUpgradeCheck = 0800;
				ORGANIZATIONNAME = "Ben Lu";
				TargetAttributes = {
					EFC2C6931D88D02F0031AA9C = {
						CreatedOnToolsVersion = 8.0;
						DevelopmentTeam = 52RD2GH5DP;
						ProvisioningStyle = Automatic;
					};
					EFC2C6A91D88D02F0031AA9C = {
						CreatedOnToolsVersion = 8.0;
						DevelopmentTeam = 52RD2GH5DP;
						ProvisioningStyle = Automatic;
						TestTargetID = EFC2C6931D88D02F0031AA9C;
					};
				};
			};
			buildConfigurationList = EFC2C68F1D88D02F0031AA9C /* Build configuration list for PBXProject "Graviton" */;
			compatibilityVersion = "Xcode 3.2";
			developmentRegion = English;
			hasScannedForEncodings = 0;
			knownRegions = (
				en,
				Base,
			);
			mainGroup = EFC2C68B1D88D02F0031AA9C;
			productRefGroup = EFC2C6951D88D02F0031AA9C /* Products */;
			projectDirPath = "";
			projectRoot = "";
			targets = (
				EFC2C6931D88D02F0031AA9C /* Graviton */,
				EFC2C6A91D88D02F0031AA9C /* GravitonTests */,
			);
		};
/* End PBXProject section */

/* Begin PBXResourcesBuildPhase section */
		EFC2C6921D88D02F0031AA9C /* Resources */ = {
			isa = PBXResourcesBuildPhase;
			buildActionMask = 2147483647;
			files = (
				EFC2C69A1D88D02F0031AA9C /* art.scnassets in Resources */,
				EFC2C6A41D88D02F0031AA9C /* LaunchScreen.storyboard in Resources */,
				EFC2C6A11D88D02F0031AA9C /* Assets.xcassets in Resources */,
				EFC2C69F1D88D02F0031AA9C /* Main.storyboard in Resources */,
			);
			runOnlyForDeploymentPostprocessing = 0;
		};
		EFC2C6A81D88D02F0031AA9C /* Resources */ = {
			isa = PBXResourcesBuildPhase;
			buildActionMask = 2147483647;
			files = (
			);
			runOnlyForDeploymentPostprocessing = 0;
		};
/* End PBXResourcesBuildPhase section */

/* Begin PBXSourcesBuildPhase section */
		EFC2C6901D88D02F0031AA9C /* Sources */ = {
			isa = PBXSourcesBuildPhase;
			buildActionMask = 2147483647;
			files = (
				EFC2C69C1D88D02F0031AA9C /* GameViewController.swift in Sources */,
				EFC2C6981D88D02F0031AA9C /* AppDelegate.swift in Sources */,
				EFC2C6C01D89E8020031AA9C /* PlanetView.swift in Sources */,
				EFC2C6BE1D8912910031AA9C /* Constants.swift in Sources */,
			);
			runOnlyForDeploymentPostprocessing = 0;
		};
		EFC2C6A61D88D02F0031AA9C /* Sources */ = {
			isa = PBXSourcesBuildPhase;
			buildActionMask = 2147483647;
			files = (
				EFC2C6AF1D88D02F0031AA9C /* GravitonTests.swift in Sources */,
			);
			runOnlyForDeploymentPostprocessing = 0;
		};
/* End PBXSourcesBuildPhase section */

/* Begin PBXTargetDependency section */
		EFC2C6AC1D88D02F0031AA9C /* PBXTargetDependency */ = {
			isa = PBXTargetDependency;
			target = EFC2C6931D88D02F0031AA9C /* Graviton */;
			targetProxy = EFC2C6AB1D88D02F0031AA9C /* PBXContainerItemProxy */;
		};
/* End PBXTargetDependency section */

/* Begin PBXVariantGroup section */
		EFC2C69D1D88D02F0031AA9C /* Main.storyboard */ = {
			isa = PBXVariantGroup;
			children = (
				EFC2C69E1D88D02F0031AA9C /* Base */,
			);
			name = Main.storyboard;
			sourceTree = "<group>";
		};
		EFC2C6A21D88D02F0031AA9C /* LaunchScreen.storyboard */ = {
			isa = PBXVariantGroup;
			children = (
				EFC2C6A31D88D02F0031AA9C /* Base */,
			);
			name = LaunchScreen.storyboard;
			sourceTree = "<group>";
		};
/* End PBXVariantGroup section */

/* Begin XCBuildConfiguration section */
		EFC2C6B11D88D02F0031AA9C /* Debug */ = {
			isa = XCBuildConfiguration;
			buildSettings = {
				ALWAYS_SEARCH_USER_PATHS = NO;
				CLANG_ANALYZER_NONNULL = YES;
				CLANG_CXX_LANGUAGE_STANDARD = "gnu++0x";
				CLANG_CXX_LIBRARY = "libc++";
				CLANG_ENABLE_MODULES = YES;
				CLANG_ENABLE_OBJC_ARC = YES;
				CLANG_WARN_BOOL_CONVERSION = YES;
				CLANG_WARN_CONSTANT_CONVERSION = YES;
				CLANG_WARN_DIRECT_OBJC_ISA_USAGE = YES_ERROR;
				CLANG_WARN_DOCUMENTATION_COMMENTS = YES;
				CLANG_WARN_EMPTY_BODY = YES;
				CLANG_WARN_ENUM_CONVERSION = YES;
				CLANG_WARN_INFINITE_RECURSION = YES;
				CLANG_WARN_INT_CONVERSION = YES;
				CLANG_WARN_OBJC_ROOT_CLASS = YES_ERROR;
				CLANG_WARN_SUSPICIOUS_MOVES = YES;
				CLANG_WARN_UNREACHABLE_CODE = YES;
				CLANG_WARN__DUPLICATE_METHOD_MATCH = YES;
				"CODE_SIGN_IDENTITY[sdk=iphoneos*]" = "iPhone Developer";
				COPY_PHASE_STRIP = NO;
				DEBUG_INFORMATION_FORMAT = dwarf;
				ENABLE_STRICT_OBJC_MSGSEND = YES;
				ENABLE_TESTABILITY = YES;
				GCC_C_LANGUAGE_STANDARD = gnu99;
				GCC_DYNAMIC_NO_PIC = NO;
				GCC_NO_COMMON_BLOCKS = YES;
				GCC_OPTIMIZATION_LEVEL = 0;
				GCC_PREPROCESSOR_DEFINITIONS = (
					"DEBUG=1",
					"$(inherited)",
				);
				GCC_WARN_64_TO_32_BIT_CONVERSION = YES;
				GCC_WARN_ABOUT_RETURN_TYPE = YES_ERROR;
				GCC_WARN_UNDECLARED_SELECTOR = YES;
				GCC_WARN_UNINITIALIZED_AUTOS = YES_AGGRESSIVE;
				GCC_WARN_UNUSED_FUNCTION = YES;
				GCC_WARN_UNUSED_VARIABLE = YES;
				IPHONEOS_DEPLOYMENT_TARGET = 10.0;
				MTL_ENABLE_DEBUG_INFO = YES;
				ONLY_ACTIVE_ARCH = YES;
				SDKROOT = iphoneos;
				SWIFT_ACTIVE_COMPILATION_CONDITIONS = DEBUG;
				SWIFT_OPTIMIZATION_LEVEL = "-Onone";
				TARGETED_DEVICE_FAMILY = "1,2";
			};
			name = Debug;
		};
		EFC2C6B21D88D02F0031AA9C /* Release */ = {
			isa = XCBuildConfiguration;
			buildSettings = {
				ALWAYS_SEARCH_USER_PATHS = NO;
				CLANG_ANALYZER_NONNULL = YES;
				CLANG_CXX_LANGUAGE_STANDARD = "gnu++0x";
				CLANG_CXX_LIBRARY = "libc++";
				CLANG_ENABLE_MODULES = YES;
				CLANG_ENABLE_OBJC_ARC = YES;
				CLANG_WARN_BOOL_CONVERSION = YES;
				CLANG_WARN_CONSTANT_CONVERSION = YES;
				CLANG_WARN_DIRECT_OBJC_ISA_USAGE = YES_ERROR;
				CLANG_WARN_DOCUMENTATION_COMMENTS = YES;
				CLANG_WARN_EMPTY_BODY = YES;
				CLANG_WARN_ENUM_CONVERSION = YES;
				CLANG_WARN_INFINITE_RECURSION = YES;
				CLANG_WARN_INT_CONVERSION = YES;
				CLANG_WARN_OBJC_ROOT_CLASS = YES_ERROR;
				CLANG_WARN_SUSPICIOUS_MOVES = YES;
				CLANG_WARN_UNREACHABLE_CODE = YES;
				CLANG_WARN__DUPLICATE_METHOD_MATCH = YES;
				"CODE_SIGN_IDENTITY[sdk=iphoneos*]" = "iPhone Developer";
				COPY_PHASE_STRIP = NO;
				DEBUG_INFORMATION_FORMAT = "dwarf-with-dsym";
				ENABLE_NS_ASSERTIONS = NO;
				ENABLE_STRICT_OBJC_MSGSEND = YES;
				GCC_C_LANGUAGE_STANDARD = gnu99;
				GCC_NO_COMMON_BLOCKS = YES;
				GCC_WARN_64_TO_32_BIT_CONVERSION = YES;
				GCC_WARN_ABOUT_RETURN_TYPE = YES_ERROR;
				GCC_WARN_UNDECLARED_SELECTOR = YES;
				GCC_WARN_UNINITIALIZED_AUTOS = YES_AGGRESSIVE;
				GCC_WARN_UNUSED_FUNCTION = YES;
				GCC_WARN_UNUSED_VARIABLE = YES;
				IPHONEOS_DEPLOYMENT_TARGET = 10.0;
				MTL_ENABLE_DEBUG_INFO = NO;
				SDKROOT = iphoneos;
				SWIFT_OPTIMIZATION_LEVEL = "-Owholemodule";
				TARGETED_DEVICE_FAMILY = "1,2";
				VALIDATE_PRODUCT = YES;
			};
			name = Release;
		};
		EFC2C6B41D88D02F0031AA9C /* Debug */ = {
			isa = XCBuildConfiguration;
			buildSettings = {
				ASSETCATALOG_COMPILER_APPICON_NAME = AppIcon;
				DEVELOPMENT_TEAM = 52RD2GH5DP;
				INFOPLIST_FILE = Graviton/Info.plist;
				LD_RUNPATH_SEARCH_PATHS = "$(inherited) @executable_path/Frameworks";
				PRODUCT_BUNDLE_IDENTIFIER = com.Square.sihao.Graviton;
				PRODUCT_NAME = "$(TARGET_NAME)";
				SWIFT_VERSION = 3.0;
			};
			name = Debug;
		};
		EFC2C6B51D88D02F0031AA9C /* Release */ = {
			isa = XCBuildConfiguration;
			buildSettings = {
				ASSETCATALOG_COMPILER_APPICON_NAME = AppIcon;
				DEVELOPMENT_TEAM = 52RD2GH5DP;
				INFOPLIST_FILE = Graviton/Info.plist;
				LD_RUNPATH_SEARCH_PATHS = "$(inherited) @executable_path/Frameworks";
				PRODUCT_BUNDLE_IDENTIFIER = com.Square.sihao.Graviton;
				PRODUCT_NAME = "$(TARGET_NAME)";
				SWIFT_VERSION = 3.0;
			};
			name = Release;
		};
		EFC2C6B71D88D02F0031AA9C /* Debug */ = {
			isa = XCBuildConfiguration;
			buildSettings = {
				ALWAYS_EMBED_SWIFT_STANDARD_LIBRARIES = YES;
				BUNDLE_LOADER = "$(TEST_HOST)";
				DEVELOPMENT_TEAM = 52RD2GH5DP;
				INFOPLIST_FILE = GravitonTests/Info.plist;
				LD_RUNPATH_SEARCH_PATHS = "$(inherited) @executable_path/Frameworks @loader_path/Frameworks";
				PRODUCT_BUNDLE_IDENTIFIER = com.Square.sihao.GravitonTests;
				PRODUCT_NAME = "$(TARGET_NAME)";
				SWIFT_VERSION = 3.0;
				TEST_HOST = "$(BUILT_PRODUCTS_DIR)/Graviton.app/Graviton";
			};
			name = Debug;
		};
		EFC2C6B81D88D02F0031AA9C /* Release */ = {
			isa = XCBuildConfiguration;
			buildSettings = {
				ALWAYS_EMBED_SWIFT_STANDARD_LIBRARIES = YES;
				BUNDLE_LOADER = "$(TEST_HOST)";
				DEVELOPMENT_TEAM = 52RD2GH5DP;
				INFOPLIST_FILE = GravitonTests/Info.plist;
				LD_RUNPATH_SEARCH_PATHS = "$(inherited) @executable_path/Frameworks @loader_path/Frameworks";
				PRODUCT_BUNDLE_IDENTIFIER = com.Square.sihao.GravitonTests;
				PRODUCT_NAME = "$(TARGET_NAME)";
				SWIFT_VERSION = 3.0;
				TEST_HOST = "$(BUILT_PRODUCTS_DIR)/Graviton.app/Graviton";
			};
			name = Release;
		};
/* End XCBuildConfiguration section */

/* Begin XCConfigurationList section */
		EFC2C68F1D88D02F0031AA9C /* Build configuration list for PBXProject "Graviton" */ = {
			isa = XCConfigurationList;
			buildConfigurations = (
				EFC2C6B11D88D02F0031AA9C /* Debug */,
				EFC2C6B21D88D02F0031AA9C /* Release */,
			);
			defaultConfigurationIsVisible = 0;
			defaultConfigurationName = Release;
		};
		EFC2C6B31D88D02F0031AA9C /* Build configuration list for PBXNativeTarget "Graviton" */ = {
			isa = XCConfigurationList;
			buildConfigurations = (
				EFC2C6B41D88D02F0031AA9C /* Debug */,
				EFC2C6B51D88D02F0031AA9C /* Release */,
			);
			defaultConfigurationIsVisible = 0;
			defaultConfigurationName = Release;
		};
		EFC2C6B61D88D02F0031AA9C /* Build configuration list for PBXNativeTarget "GravitonTests" */ = {
			isa = XCConfigurationList;
			buildConfigurations = (
				EFC2C6B71D88D02F0031AA9C /* Debug */,
				EFC2C6B81D88D02F0031AA9C /* Release */,
			);
			defaultConfigurationIsVisible = 0;
			defaultConfigurationName = Release;
		};
/* End XCConfigurationList section */
	};
	rootObject = EFC2C68C1D88D02F0031AA9C /* Project object */;
}
