// !$*UTF8*$!
{
	archiveVersion = 1;
	classes = {
	};
	objectVersion = 46;
	objects = {

/* Begin PBXBuildFile section */
		EF03D67A1E0A0B4C00C31AE3 /* HorizonsTest.swift in Sources */ = {isa = PBXBuildFile; fileRef = EF03D6791E0A0B4C00C31AE3 /* HorizonsTest.swift */; };
		EF2496B81DC6D88800B9EE9D /* SolScene.swift in Sources */ = {isa = PBXBuildFile; fileRef = EF2496B71DC6D88800B9EE9D /* SolScene.swift */; };
		EF48518A1D91EB8D00737CE4 /* CelestialNode.swift in Sources */ = {isa = PBXBuildFile; fileRef = EF4851891D91EB8D00737CE4 /* CelestialNode.swift */; };
		EF5A5EEA1E0C03040080BCF4 /* JulianDate.swift in Sources */ = {isa = PBXBuildFile; fileRef = EFE8BF7F1DD879D8000F0A79 /* JulianDate.swift */; };
		EF5A5EEB1E0C0CE50080BCF4 /* JulianDateTest.swift in Sources */ = {isa = PBXBuildFile; fileRef = EFE8BF811DD882E6000F0A79 /* JulianDateTest.swift */; };
		EF5CD6CD1DEB614E00038079 /* planet_example in Resources */ = {isa = PBXBuildFile; fileRef = EF5CD6CC1DEB614E00038079 /* planet_example */; };
		EF5CD6D11DEB62DB00038079 /* PlanetDataExtractionTest.swift in Sources */ = {isa = PBXBuildFile; fileRef = EF5CD6D01DEB62DB00038079 /* PlanetDataExtractionTest.swift */; };
		EFA7FEBD1D8A80710043E8CC /* SCNVector3+Util.swift in Sources */ = {isa = PBXBuildFile; fileRef = EFA7FEBC1D8A80710043E8CC /* SCNVector3+Util.swift */; };
		EFC2C6981D88D02F0031AA9C /* AppDelegate.swift in Sources */ = {isa = PBXBuildFile; fileRef = EFC2C6971D88D02F0031AA9C /* AppDelegate.swift */; };
		EFC2C69A1D88D02F0031AA9C /* art.scnassets in Resources */ = {isa = PBXBuildFile; fileRef = EFC2C6991D88D02F0031AA9C /* art.scnassets */; };
		EFC2C69C1D88D02F0031AA9C /* GameViewController.swift in Sources */ = {isa = PBXBuildFile; fileRef = EFC2C69B1D88D02F0031AA9C /* GameViewController.swift */; };
		EFC2C69F1D88D02F0031AA9C /* Main.storyboard in Resources */ = {isa = PBXBuildFile; fileRef = EFC2C69D1D88D02F0031AA9C /* Main.storyboard */; };
		EFC2C6A11D88D02F0031AA9C /* Assets.xcassets in Resources */ = {isa = PBXBuildFile; fileRef = EFC2C6A01D88D02F0031AA9C /* Assets.xcassets */; };
		EFC2C6A41D88D02F0031AA9C /* LaunchScreen.storyboard in Resources */ = {isa = PBXBuildFile; fileRef = EFC2C6A21D88D02F0031AA9C /* LaunchScreen.storyboard */; };
		EFC6C9501DE07AB500877A29 /* Kepler.swift in Sources */ = {isa = PBXBuildFile; fileRef = EFC6C94F1DE07AB500877A29 /* Kepler.swift */; };
		EFE8BF4F1DD86A75000F0A79 /* Parser.swift in Sources */ = {isa = PBXBuildFile; fileRef = EFE8BF4E1DD86A75000F0A79 /* Parser.swift */; };
		EFE8BF5E1DD86B2B000F0A79 /* Orbits.framework in Frameworks */ = {isa = PBXBuildFile; fileRef = EFE8BF551DD86B2B000F0A79 /* Orbits.framework */; };
		EFE8BF671DD86B2B000F0A79 /* Orbits.h in Headers */ = {isa = PBXBuildFile; fileRef = EFE8BF571DD86B2B000F0A79 /* Orbits.h */; settings = {ATTRIBUTES = (Public, ); }; };
		EFE8BF6A1DD86B2B000F0A79 /* Orbits.framework in Frameworks */ = {isa = PBXBuildFile; fileRef = EFE8BF551DD86B2B000F0A79 /* Orbits.framework */; };
		EFE8BF6B1DD86B2B000F0A79 /* Orbits.framework in Embed Frameworks */ = {isa = PBXBuildFile; fileRef = EFE8BF551DD86B2B000F0A79 /* Orbits.framework */; settings = {ATTRIBUTES = (CodeSignOnCopy, RemoveHeadersOnCopy, ); }; };
		EFE8BF781DD86B38000F0A79 /* Body.swift in Sources */ = {isa = PBXBuildFile; fileRef = EFE8BF731DD86B38000F0A79 /* Body.swift */; };
		EFE8BF791DD86B38000F0A79 /* Constants.swift in Sources */ = {isa = PBXBuildFile; fileRef = EFE8BF741DD86B38000F0A79 /* Constants.swift */; };
		EFE8BF7A1DD86B38000F0A79 /* SCNVector3+Util.swift in Sources */ = {isa = PBXBuildFile; fileRef = EFE8BF751DD86B38000F0A79 /* SCNVector3+Util.swift */; };
		EFE8BF7B1DD86B38000F0A79 /* Math.swift in Sources */ = {isa = PBXBuildFile; fileRef = EFE8BF761DD86B38000F0A79 /* Math.swift */; };
		EFE8BF7C1DD86B38000F0A79 /* Orbit.swift in Sources */ = {isa = PBXBuildFile; fileRef = EFE8BF771DD86B38000F0A79 /* Orbit.swift */; };
		EFE8BF7E1DD86D35000F0A79 /* SolarSystem.swift in Sources */ = {isa = PBXBuildFile; fileRef = EFE8BF7D1DD86D35000F0A79 /* SolarSystem.swift */; };
		EFE8BF8A1DD88B5C000F0A79 /* Ephemeris.swift in Sources */ = {isa = PBXBuildFile; fileRef = EFE8BF891DD88B5C000F0A79 /* Ephemeris.swift */; };
		EFF8BE6B1DE0935400F75444 /* Body.swift in Sources */ = {isa = PBXBuildFile; fileRef = EFE8BF731DD86B38000F0A79 /* Body.swift */; };
		EFF8BE6C1DE0935600F75444 /* Constants.swift in Sources */ = {isa = PBXBuildFile; fileRef = EFE8BF741DD86B38000F0A79 /* Constants.swift */; };
		EFF8BE6D1DE0935800F75444 /* SCNVector3+Util.swift in Sources */ = {isa = PBXBuildFile; fileRef = EFE8BF751DD86B38000F0A79 /* SCNVector3+Util.swift */; };
		EFF8BE6E1DE0935A00F75444 /* Math.swift in Sources */ = {isa = PBXBuildFile; fileRef = EFE8BF761DD86B38000F0A79 /* Math.swift */; };
		EFF8BE6F1DE0935C00F75444 /* Kepler.swift in Sources */ = {isa = PBXBuildFile; fileRef = EFC6C94F1DE07AB500877A29 /* Kepler.swift */; };
		EFF8BE701DE0935E00F75444 /* Orbit.swift in Sources */ = {isa = PBXBuildFile; fileRef = EFE8BF771DD86B38000F0A79 /* Orbit.swift */; };
		EFF8BE731DE1499800F75444 /* WarpControl.swift in Sources */ = {isa = PBXBuildFile; fileRef = EFF8BE721DE1499800F75444 /* WarpControl.swift */; };
		FC24353B1E14C849002AC626 /* SQLite.framework in Frameworks */ = {isa = PBXBuildFile; fileRef = FC2435391E14C81A002AC626 /* SQLite.framework */; };
		FC905EDF1E0D43D5005E5FAF /* EphemerisParser.swift in Sources */ = {isa = PBXBuildFile; fileRef = FC905EDE1E0D43D5005E5FAF /* EphemerisParser.swift */; };
		FC905EE01E13BD3A005E5FAF /* JulianDate.swift in Sources */ = {isa = PBXBuildFile; fileRef = EFE8BF7F1DD879D8000F0A79 /* JulianDate.swift */; };
		FCDADE4D1E0942DE009C2607 /* Horizons.swift in Sources */ = {isa = PBXBuildFile; fileRef = FCDADE4C1E0942DE009C2607 /* Horizons.swift */; };
/* End PBXBuildFile section */

/* Begin PBXContainerItemProxy section */
		EFC2C6AB1D88D02F0031AA9C /* PBXContainerItemProxy */ = {
			isa = PBXContainerItemProxy;
			containerPortal = EFC2C68C1D88D02F0031AA9C /* Project object */;
			proxyType = 1;
			remoteGlobalIDString = EFC2C6931D88D02F0031AA9C;
			remoteInfo = Graviton;
		};
		EFE8BF5F1DD86B2B000F0A79 /* PBXContainerItemProxy */ = {
			isa = PBXContainerItemProxy;
			containerPortal = EFC2C68C1D88D02F0031AA9C /* Project object */;
			proxyType = 1;
			remoteGlobalIDString = EFE8BF541DD86B2B000F0A79;
			remoteInfo = Orbits;
		};
		EFE8BF611DD86B2B000F0A79 /* PBXContainerItemProxy */ = {
			isa = PBXContainerItemProxy;
			containerPortal = EFC2C68C1D88D02F0031AA9C /* Project object */;
			proxyType = 1;
			remoteGlobalIDString = EFC2C6931D88D02F0031AA9C;
			remoteInfo = Graviton;
		};
		EFE8BF681DD86B2B000F0A79 /* PBXContainerItemProxy */ = {
			isa = PBXContainerItemProxy;
			containerPortal = EFC2C68C1D88D02F0031AA9C /* Project object */;
			proxyType = 1;
			remoteGlobalIDString = EFE8BF541DD86B2B000F0A79;
			remoteInfo = Orbits;
		};
/* End PBXContainerItemProxy section */

/* Begin PBXCopyFilesBuildPhase section */
		EFE8BF6F1DD86B2B000F0A79 /* Embed Frameworks */ = {
			isa = PBXCopyFilesBuildPhase;
			buildActionMask = 2147483647;
			dstPath = "";
			dstSubfolderSpec = 10;
			files = (
				EFE8BF6B1DD86B2B000F0A79 /* Orbits.framework in Embed Frameworks */,
			);
			name = "Embed Frameworks";
			runOnlyForDeploymentPostprocessing = 0;
		};
/* End PBXCopyFilesBuildPhase section */

/* Begin PBXFileReference section */
		EF03D6791E0A0B4C00C31AE3 /* HorizonsTest.swift */ = {isa = PBXFileReference; fileEncoding = 4; lastKnownFileType = sourcecode.swift; path = HorizonsTest.swift; sourceTree = "<group>"; };
		EF2496B71DC6D88800B9EE9D /* SolScene.swift */ = {isa = PBXFileReference; fileEncoding = 4; lastKnownFileType = sourcecode.swift; path = SolScene.swift; sourceTree = "<group>"; };
		EF4851891D91EB8D00737CE4 /* CelestialNode.swift */ = {isa = PBXFileReference; fileEncoding = 4; lastKnownFileType = sourcecode.swift; path = CelestialNode.swift; sourceTree = "<group>"; };
		EF5CD6CC1DEB614E00038079 /* planet_example */ = {isa = PBXFileReference; fileEncoding = 4; lastKnownFileType = text; path = planet_example; sourceTree = "<group>"; };
		EF5CD6D01DEB62DB00038079 /* PlanetDataExtractionTest.swift */ = {isa = PBXFileReference; fileEncoding = 4; lastKnownFileType = sourcecode.swift; path = PlanetDataExtractionTest.swift; sourceTree = "<group>"; };
		EFA7FEBC1D8A80710043E8CC /* SCNVector3+Util.swift */ = {isa = PBXFileReference; fileEncoding = 4; lastKnownFileType = sourcecode.swift; path = "SCNVector3+Util.swift"; sourceTree = "<group>"; };
		EFC2C6941D88D02F0031AA9C /* Graviton.app */ = {isa = PBXFileReference; explicitFileType = wrapper.application; includeInIndex = 0; path = Graviton.app; sourceTree = BUILT_PRODUCTS_DIR; };
		EFC2C6971D88D02F0031AA9C /* AppDelegate.swift */ = {isa = PBXFileReference; lastKnownFileType = sourcecode.swift; path = AppDelegate.swift; sourceTree = "<group>"; };
		EFC2C6991D88D02F0031AA9C /* art.scnassets */ = {isa = PBXFileReference; lastKnownFileType = wrapper.scnassets; path = art.scnassets; sourceTree = "<group>"; };
		EFC2C69B1D88D02F0031AA9C /* GameViewController.swift */ = {isa = PBXFileReference; lastKnownFileType = sourcecode.swift; path = GameViewController.swift; sourceTree = "<group>"; };
		EFC2C69E1D88D02F0031AA9C /* Base */ = {isa = PBXFileReference; lastKnownFileType = file.storyboard; name = Base; path = Base.lproj/Main.storyboard; sourceTree = "<group>"; };
		EFC2C6A01D88D02F0031AA9C /* Assets.xcassets */ = {isa = PBXFileReference; lastKnownFileType = folder.assetcatalog; path = Assets.xcassets; sourceTree = "<group>"; };
		EFC2C6A31D88D02F0031AA9C /* Base */ = {isa = PBXFileReference; lastKnownFileType = file.storyboard; name = Base; path = Base.lproj/LaunchScreen.storyboard; sourceTree = "<group>"; };
		EFC2C6A51D88D02F0031AA9C /* Info.plist */ = {isa = PBXFileReference; lastKnownFileType = text.plist.xml; path = Info.plist; sourceTree = "<group>"; };
		EFC2C6AA1D88D02F0031AA9C /* GravitonTests.xctest */ = {isa = PBXFileReference; explicitFileType = wrapper.cfbundle; includeInIndex = 0; path = GravitonTests.xctest; sourceTree = BUILT_PRODUCTS_DIR; };
		EFC2C6B01D88D02F0031AA9C /* Info.plist */ = {isa = PBXFileReference; lastKnownFileType = text.plist.xml; path = Info.plist; sourceTree = "<group>"; };
		EFC6C94F1DE07AB500877A29 /* Kepler.swift */ = {isa = PBXFileReference; fileEncoding = 4; lastKnownFileType = sourcecode.swift; path = Kepler.swift; sourceTree = "<group>"; };
		EFE8BF4E1DD86A75000F0A79 /* Parser.swift */ = {isa = PBXFileReference; fileEncoding = 4; lastKnownFileType = sourcecode.swift; path = Parser.swift; sourceTree = "<group>"; };
		EFE8BF551DD86B2B000F0A79 /* Orbits.framework */ = {isa = PBXFileReference; explicitFileType = wrapper.framework; includeInIndex = 0; path = Orbits.framework; sourceTree = BUILT_PRODUCTS_DIR; };
		EFE8BF571DD86B2B000F0A79 /* Orbits.h */ = {isa = PBXFileReference; lastKnownFileType = sourcecode.c.h; path = Orbits.h; sourceTree = "<group>"; };
		EFE8BF581DD86B2B000F0A79 /* Info.plist */ = {isa = PBXFileReference; lastKnownFileType = text.plist.xml; path = Info.plist; sourceTree = "<group>"; };
		EFE8BF5D1DD86B2B000F0A79 /* OrbitsTests.xctest */ = {isa = PBXFileReference; explicitFileType = wrapper.cfbundle; includeInIndex = 0; path = OrbitsTests.xctest; sourceTree = BUILT_PRODUCTS_DIR; };
		EFE8BF661DD86B2B000F0A79 /* Info.plist */ = {isa = PBXFileReference; lastKnownFileType = text.plist.xml; path = Info.plist; sourceTree = "<group>"; };
		EFE8BF731DD86B38000F0A79 /* Body.swift */ = {isa = PBXFileReference; fileEncoding = 4; lastKnownFileType = sourcecode.swift; path = Body.swift; sourceTree = "<group>"; };
		EFE8BF741DD86B38000F0A79 /* Constants.swift */ = {isa = PBXFileReference; fileEncoding = 4; lastKnownFileType = sourcecode.swift; path = Constants.swift; sourceTree = "<group>"; };
		EFE8BF751DD86B38000F0A79 /* SCNVector3+Util.swift */ = {isa = PBXFileReference; fileEncoding = 4; lastKnownFileType = sourcecode.swift; path = "SCNVector3+Util.swift"; sourceTree = "<group>"; };
		EFE8BF761DD86B38000F0A79 /* Math.swift */ = {isa = PBXFileReference; fileEncoding = 4; lastKnownFileType = sourcecode.swift; path = Math.swift; sourceTree = "<group>"; };
		EFE8BF771DD86B38000F0A79 /* Orbit.swift */ = {isa = PBXFileReference; fileEncoding = 4; lastKnownFileType = sourcecode.swift; path = Orbit.swift; sourceTree = "<group>"; };
		EFE8BF7D1DD86D35000F0A79 /* SolarSystem.swift */ = {isa = PBXFileReference; fileEncoding = 4; lastKnownFileType = sourcecode.swift; path = SolarSystem.swift; sourceTree = "<group>"; };
		EFE8BF7F1DD879D8000F0A79 /* JulianDate.swift */ = {isa = PBXFileReference; fileEncoding = 4; lastKnownFileType = sourcecode.swift; path = JulianDate.swift; sourceTree = "<group>"; };
		EFE8BF811DD882E6000F0A79 /* JulianDateTest.swift */ = {isa = PBXFileReference; fileEncoding = 4; lastKnownFileType = sourcecode.swift; path = JulianDateTest.swift; sourceTree = "<group>"; };
		EFE8BF831DD88425000F0A79 /* CelestialNodeTest.swift */ = {isa = PBXFileReference; fileEncoding = 4; lastKnownFileType = sourcecode.swift; path = CelestialNodeTest.swift; sourceTree = "<group>"; };
		EFE8BF841DD88425000F0A79 /* OrbitalElementsTest.swift */ = {isa = PBXFileReference; fileEncoding = 4; lastKnownFileType = sourcecode.swift; path = OrbitalElementsTest.swift; sourceTree = "<group>"; };
		EFE8BF851DD88425000F0A79 /* StateVectorTest.swift */ = {isa = PBXFileReference; fileEncoding = 4; lastKnownFileType = sourcecode.swift; path = StateVectorTest.swift; sourceTree = "<group>"; };
		EFE8BF891DD88B5C000F0A79 /* Ephemeris.swift */ = {isa = PBXFileReference; fileEncoding = 4; lastKnownFileType = sourcecode.swift; path = Ephemeris.swift; sourceTree = "<group>"; };
		EFF8BE721DE1499800F75444 /* WarpControl.swift */ = {isa = PBXFileReference; fileEncoding = 4; lastKnownFileType = sourcecode.swift; path = WarpControl.swift; sourceTree = "<group>"; };
		FC2435391E14C81A002AC626 /* SQLite.framework */ = {isa = PBXFileReference; lastKnownFileType = wrapper.framework; name = SQLite.framework; path = Carthage/Build/iOS/SQLite.framework; sourceTree = "<group>"; };
		FC905EDE1E0D43D5005E5FAF /* EphemerisParser.swift */ = {isa = PBXFileReference; fileEncoding = 4; lastKnownFileType = sourcecode.swift; path = EphemerisParser.swift; sourceTree = "<group>"; };
		FCDADE4C1E0942DE009C2607 /* Horizons.swift */ = {isa = PBXFileReference; fileEncoding = 4; lastKnownFileType = sourcecode.swift; path = Horizons.swift; sourceTree = "<group>"; };
/* End PBXFileReference section */

/* Begin PBXFrameworksBuildPhase section */
		EFC2C6911D88D02F0031AA9C /* Frameworks */ = {
			isa = PBXFrameworksBuildPhase;
			buildActionMask = 2147483647;
			files = (
				EFE8BF6A1DD86B2B000F0A79 /* Orbits.framework in Frameworks */,
				FC24353B1E14C849002AC626 /* SQLite.framework in Frameworks */,
			);
			runOnlyForDeploymentPostprocessing = 0;
		};
		EFC2C6A71D88D02F0031AA9C /* Frameworks */ = {
			isa = PBXFrameworksBuildPhase;
			buildActionMask = 2147483647;
			files = (
			);
			runOnlyForDeploymentPostprocessing = 0;
		};
		EFE8BF511DD86B2B000F0A79 /* Frameworks */ = {
			isa = PBXFrameworksBuildPhase;
			buildActionMask = 2147483647;
			files = (
			);
			runOnlyForDeploymentPostprocessing = 0;
		};
		EFE8BF5A1DD86B2B000F0A79 /* Frameworks */ = {
			isa = PBXFrameworksBuildPhase;
			buildActionMask = 2147483647;
			files = (
				EFE8BF5E1DD86B2B000F0A79 /* Orbits.framework in Frameworks */,
			);
			runOnlyForDeploymentPostprocessing = 0;
		};
/* End PBXFrameworksBuildPhase section */

/* Begin PBXGroup section */
		EF4851881D91E6C800737CE4 /* Model */ = {
			isa = PBXGroup;
			children = (
				EF4851891D91EB8D00737CE4 /* CelestialNode.swift */,
				EFE8BF7D1DD86D35000F0A79 /* SolarSystem.swift */,
			);
			path = Model;
			sourceTree = "<group>";
		};
		EFA7FEBB1D8A802F0043E8CC /* Util */ = {
			isa = PBXGroup;
			children = (
				FCDADE4C1E0942DE009C2607 /* Horizons.swift */,
				EFE8BF4E1DD86A75000F0A79 /* Parser.swift */,
				FC905EDE1E0D43D5005E5FAF /* EphemerisParser.swift */,
				EFE8BF891DD88B5C000F0A79 /* Ephemeris.swift */,
				EFA7FEBC1D8A80710043E8CC /* SCNVector3+Util.swift */,
			);
			path = Util;
			sourceTree = "<group>";
		};
		EFC2C68B1D88D02F0031AA9C = {
			isa = PBXGroup;
			children = (
				EFC2C6961D88D02F0031AA9C /* Graviton */,
				EFC2C6AD1D88D02F0031AA9C /* GravitonTests */,
				EFE8BF561DD86B2B000F0A79 /* Orbits */,
				EFE8BF631DD86B2B000F0A79 /* OrbitsTests */,
				EFC2C6951D88D02F0031AA9C /* Products */,
				FC2435351E14C78C002AC626 /* Frameworks */,
			);
			sourceTree = "<group>";
		};
		EFC2C6951D88D02F0031AA9C /* Products */ = {
			isa = PBXGroup;
			children = (
				EFC2C6941D88D02F0031AA9C /* Graviton.app */,
				EFC2C6AA1D88D02F0031AA9C /* GravitonTests.xctest */,
				EFE8BF551DD86B2B000F0A79 /* Orbits.framework */,
				EFE8BF5D1DD86B2B000F0A79 /* OrbitsTests.xctest */,
			);
			name = Products;
			sourceTree = "<group>";
		};
		EFC2C6961D88D02F0031AA9C /* Graviton */ = {
			isa = PBXGroup;
			children = (
				EFC2C6971D88D02F0031AA9C /* AppDelegate.swift */,
				EFC2C69B1D88D02F0031AA9C /* GameViewController.swift */,
				EFF8BE721DE1499800F75444 /* WarpControl.swift */,
				EF2496B71DC6D88800B9EE9D /* SolScene.swift */,
				EF4851881D91E6C800737CE4 /* Model */,
				EFA7FEBB1D8A802F0043E8CC /* Util */,
				EFC2C69D1D88D02F0031AA9C /* Main.storyboard */,
				EFC2C6A21D88D02F0031AA9C /* LaunchScreen.storyboard */,
				EFC2C6991D88D02F0031AA9C /* art.scnassets */,
				EFC2C6A01D88D02F0031AA9C /* Assets.xcassets */,
				EFC2C6A51D88D02F0031AA9C /* Info.plist */,
			);
			path = Graviton;
			sourceTree = "<group>";
		};
		EFC2C6AD1D88D02F0031AA9C /* GravitonTests */ = {
			isa = PBXGroup;
			children = (
				EFC2C6B01D88D02F0031AA9C /* Info.plist */,
				EF5CD6D01DEB62DB00038079 /* PlanetDataExtractionTest.swift */,
				EF03D6791E0A0B4C00C31AE3 /* HorizonsTest.swift */,
				EF5CD6CC1DEB614E00038079 /* planet_example */,
			);
			path = GravitonTests;
			sourceTree = "<group>";
		};
		EFE8BF561DD86B2B000F0A79 /* Orbits */ = {
			isa = PBXGroup;
			children = (
				EFE8BF571DD86B2B000F0A79 /* Orbits.h */,
				EFE8BF731DD86B38000F0A79 /* Body.swift */,
				EFE8BF741DD86B38000F0A79 /* Constants.swift */,
				EFE8BF751DD86B38000F0A79 /* SCNVector3+Util.swift */,
				EFE8BF761DD86B38000F0A79 /* Math.swift */,
				EFC6C94F1DE07AB500877A29 /* Kepler.swift */,
				EFE8BF771DD86B38000F0A79 /* Orbit.swift */,
				EFE8BF7F1DD879D8000F0A79 /* JulianDate.swift */,
				EFE8BF581DD86B2B000F0A79 /* Info.plist */,
			);
			path = Orbits;
			sourceTree = "<group>";
		};
		EFE8BF631DD86B2B000F0A79 /* OrbitsTests */ = {
			isa = PBXGroup;
			children = (
				EFE8BF661DD86B2B000F0A79 /* Info.plist */,
				EFE8BF811DD882E6000F0A79 /* JulianDateTest.swift */,
				EFE8BF831DD88425000F0A79 /* CelestialNodeTest.swift */,
				EFE8BF841DD88425000F0A79 /* OrbitalElementsTest.swift */,
				EFE8BF851DD88425000F0A79 /* StateVectorTest.swift */,
			);
			path = OrbitsTests;
			sourceTree = "<group>";
		};
		FC2435351E14C78C002AC626 /* Frameworks */ = {
			isa = PBXGroup;
			children = (
				FC2435391E14C81A002AC626 /* SQLite.framework */,
			);
			name = Frameworks;
			sourceTree = "<group>";
		};
/* End PBXGroup section */

/* Begin PBXHeadersBuildPhase section */
		EFE8BF521DD86B2B000F0A79 /* Headers */ = {
			isa = PBXHeadersBuildPhase;
			buildActionMask = 2147483647;
			files = (
				EFE8BF671DD86B2B000F0A79 /* Orbits.h in Headers */,
			);
			runOnlyForDeploymentPostprocessing = 0;
		};
/* End PBXHeadersBuildPhase section */

/* Begin PBXNativeTarget section */
		EFC2C6931D88D02F0031AA9C /* Graviton */ = {
			isa = PBXNativeTarget;
			buildConfigurationList = EFC2C6B31D88D02F0031AA9C /* Build configuration list for PBXNativeTarget "Graviton" */;
			buildPhases = (
				EFC2C6901D88D02F0031AA9C /* Sources */,
				EFC2C6911D88D02F0031AA9C /* Frameworks */,
				EFC2C6921D88D02F0031AA9C /* Resources */,
				EFE8BF6F1DD86B2B000F0A79 /* Embed Frameworks */,
				FC2435381E14C7A9002AC626 /* ShellScript */,
			);
			buildRules = (
			);
			dependencies = (
				EFE8BF691DD86B2B000F0A79 /* PBXTargetDependency */,
			);
			name = Graviton;
			productName = Graviton;
			productReference = EFC2C6941D88D02F0031AA9C /* Graviton.app */;
			productType = "com.apple.product-type.application";
		};
		EFC2C6A91D88D02F0031AA9C /* GravitonTests */ = {
			isa = PBXNativeTarget;
			buildConfigurationList = EFC2C6B61D88D02F0031AA9C /* Build configuration list for PBXNativeTarget "GravitonTests" */;
			buildPhases = (
				EFC2C6A61D88D02F0031AA9C /* Sources */,
				EFC2C6A71D88D02F0031AA9C /* Frameworks */,
				EFC2C6A81D88D02F0031AA9C /* Resources */,
			);
			buildRules = (
			);
			dependencies = (
				EFC2C6AC1D88D02F0031AA9C /* PBXTargetDependency */,
			);
			name = GravitonTests;
			productName = GravitonTests;
			productReference = EFC2C6AA1D88D02F0031AA9C /* GravitonTests.xctest */;
			productType = "com.apple.product-type.bundle.unit-test";
		};
		EFE8BF541DD86B2B000F0A79 /* Orbits */ = {
			isa = PBXNativeTarget;
			buildConfigurationList = EFE8BF6C1DD86B2B000F0A79 /* Build configuration list for PBXNativeTarget "Orbits" */;
			buildPhases = (
				EFE8BF501DD86B2B000F0A79 /* Sources */,
				EFE8BF511DD86B2B000F0A79 /* Frameworks */,
				EFE8BF521DD86B2B000F0A79 /* Headers */,
				EFE8BF531DD86B2B000F0A79 /* Resources */,
			);
			buildRules = (
			);
			dependencies = (
			);
			name = Orbits;
			productName = Orbits;
			productReference = EFE8BF551DD86B2B000F0A79 /* Orbits.framework */;
			productType = "com.apple.product-type.framework";
		};
		EFE8BF5C1DD86B2B000F0A79 /* OrbitsTests */ = {
			isa = PBXNativeTarget;
			buildConfigurationList = EFE8BF701DD86B2B000F0A79 /* Build configuration list for PBXNativeTarget "OrbitsTests" */;
			buildPhases = (
				EFE8BF591DD86B2B000F0A79 /* Sources */,
				EFE8BF5A1DD86B2B000F0A79 /* Frameworks */,
				EFE8BF5B1DD86B2B000F0A79 /* Resources */,
			);
			buildRules = (
			);
			dependencies = (
				EFE8BF601DD86B2B000F0A79 /* PBXTargetDependency */,
				EFE8BF621DD86B2B000F0A79 /* PBXTargetDependency */,
			);
			name = OrbitsTests;
			productName = OrbitsTests;
			productReference = EFE8BF5D1DD86B2B000F0A79 /* OrbitsTests.xctest */;
			productType = "com.apple.product-type.bundle.unit-test";
		};
/* End PBXNativeTarget section */

/* Begin PBXProject section */
		EFC2C68C1D88D02F0031AA9C /* Project object */ = {
			isa = PBXProject;
			attributes = {
				LastSwiftUpdateCheck = 0820;
				LastUpgradeCheck = 0820;
				ORGANIZATIONNAME = "Ben Lu";
				TargetAttributes = {
					EFC2C6931D88D02F0031AA9C = {
						CreatedOnToolsVersion = 8.0;
						DevelopmentTeam = 52RD2GH5DP;
						LastSwiftMigration = 0800;
						ProvisioningStyle = Automatic;
					};
					EFC2C6A91D88D02F0031AA9C = {
						CreatedOnToolsVersion = 8.0;
						DevelopmentTeam = 52RD2GH5DP;
						LastSwiftMigration = 0800;
						ProvisioningStyle = Automatic;
						TestTargetID = EFC2C6931D88D02F0031AA9C;
					};
					EFE8BF541DD86B2B000F0A79 = {
						CreatedOnToolsVersion = 8.2;
						DevelopmentTeam = 52RD2GH5DP;
						LastSwiftMigration = 0820;
						ProvisioningStyle = Automatic;
					};
					EFE8BF5C1DD86B2B000F0A79 = {
						CreatedOnToolsVersion = 8.2;
						DevelopmentTeam = 52RD2GH5DP;
						LastSwiftMigration = 0820;
						ProvisioningStyle = Automatic;
						TestTargetID = EFC2C6931D88D02F0031AA9C;
					};
				};
			};
			buildConfigurationList = EFC2C68F1D88D02F0031AA9C /* Build configuration list for PBXProject "Graviton" */;
			compatibilityVersion = "Xcode 3.2";
			developmentRegion = English;
			hasScannedForEncodings = 0;
			knownRegions = (
				en,
				Base,
			);
			mainGroup = EFC2C68B1D88D02F0031AA9C;
			productRefGroup = EFC2C6951D88D02F0031AA9C /* Products */;
			projectDirPath = "";
			projectRoot = "";
			targets = (
				EFC2C6931D88D02F0031AA9C /* Graviton */,
				EFE8BF541DD86B2B000F0A79 /* Orbits */,
				EFC2C6A91D88D02F0031AA9C /* GravitonTests */,
				EFE8BF5C1DD86B2B000F0A79 /* OrbitsTests */,
			);
		};
/* End PBXProject section */

/* Begin PBXResourcesBuildPhase section */
		EFC2C6921D88D02F0031AA9C /* Resources */ = {
			isa = PBXResourcesBuildPhase;
			buildActionMask = 2147483647;
			files = (
				EFC2C69A1D88D02F0031AA9C /* art.scnassets in Resources */,
				EFC2C6A41D88D02F0031AA9C /* LaunchScreen.storyboard in Resources */,
				EFC2C6A11D88D02F0031AA9C /* Assets.xcassets in Resources */,
				EFC2C69F1D88D02F0031AA9C /* Main.storyboard in Resources */,
			);
			runOnlyForDeploymentPostprocessing = 0;
		};
		EFC2C6A81D88D02F0031AA9C /* Resources */ = {
			isa = PBXResourcesBuildPhase;
			buildActionMask = 2147483647;
			files = (
				EF5CD6CD1DEB614E00038079 /* planet_example in Resources */,
			);
			runOnlyForDeploymentPostprocessing = 0;
		};
		EFE8BF531DD86B2B000F0A79 /* Resources */ = {
			isa = PBXResourcesBuildPhase;
			buildActionMask = 2147483647;
			files = (
			);
			runOnlyForDeploymentPostprocessing = 0;
		};
		EFE8BF5B1DD86B2B000F0A79 /* Resources */ = {
			isa = PBXResourcesBuildPhase;
			buildActionMask = 2147483647;
			files = (
			);
			runOnlyForDeploymentPostprocessing = 0;
		};
/* End PBXResourcesBuildPhase section */

/* Begin PBXShellScriptBuildPhase section */
		FC2435381E14C7A9002AC626 /* ShellScript */ = {
			isa = PBXShellScriptBuildPhase;
			buildActionMask = 2147483647;
			files = (
			);
			inputPaths = (
				"$(SRCROOT)/Carthage/Build/iOS/SQLite.framework",
			);
			outputPaths = (
			);
			runOnlyForDeploymentPostprocessing = 0;
			shellPath = /bin/sh;
			shellScript = "/usr/local/bin/carthage copy-frameworks\n";
		};
/* End PBXShellScriptBuildPhase section */

/* Begin PBXSourcesBuildPhase section */
		EFC2C6901D88D02F0031AA9C /* Sources */ = {
			isa = PBXSourcesBuildPhase;
			buildActionMask = 2147483647;
			files = (
				EFC2C69C1D88D02F0031AA9C /* GameViewController.swift in Sources */,
				EFC2C6981D88D02F0031AA9C /* AppDelegate.swift in Sources */,
				EF2496B81DC6D88800B9EE9D /* SolScene.swift in Sources */,
				EFF8BE731DE1499800F75444 /* WarpControl.swift in Sources */,
				EF48518A1D91EB8D00737CE4 /* CelestialNode.swift in Sources */,
				EFA7FEBD1D8A80710043E8CC /* SCNVector3+Util.swift in Sources */,
				EFE8BF4F1DD86A75000F0A79 /* Parser.swift in Sources */,
				EFE8BF8A1DD88B5C000F0A79 /* Ephemeris.swift in Sources */,
				FCDADE4D1E0942DE009C2607 /* Horizons.swift in Sources */,
				EFE8BF7E1DD86D35000F0A79 /* SolarSystem.swift in Sources */,
				FC905EDF1E0D43D5005E5FAF /* EphemerisParser.swift in Sources */,
			);
			runOnlyForDeploymentPostprocessing = 0;
		};
		EFC2C6A61D88D02F0031AA9C /* Sources */ = {
			isa = PBXSourcesBuildPhase;
			buildActionMask = 2147483647;
			files = (
				EF5CD6D11DEB62DB00038079 /* PlanetDataExtractionTest.swift in Sources */,
				EF03D67A1E0A0B4C00C31AE3 /* HorizonsTest.swift in Sources */,
			);
			runOnlyForDeploymentPostprocessing = 0;
		};
		EFE8BF501DD86B2B000F0A79 /* Sources */ = {
			isa = PBXSourcesBuildPhase;
			buildActionMask = 2147483647;
			files = (
				EFC6C9501DE07AB500877A29 /* Kepler.swift in Sources */,
				EFE8BF781DD86B38000F0A79 /* Body.swift in Sources */,
				EFE8BF791DD86B38000F0A79 /* Constants.swift in Sources */,
				EFE8BF7A1DD86B38000F0A79 /* SCNVector3+Util.swift in Sources */,
				EFE8BF7B1DD86B38000F0A79 /* Math.swift in Sources */,
				EF5A5EEA1E0C03040080BCF4 /* JulianDate.swift in Sources */,
				EFE8BF7C1DD86B38000F0A79 /* Orbit.swift in Sources */,
			);
			runOnlyForDeploymentPostprocessing = 0;
		};
		EFE8BF591DD86B2B000F0A79 /* Sources */ = {
			isa = PBXSourcesBuildPhase;
			buildActionMask = 2147483647;
			files = (
				EFF8BE6B1DE0935400F75444 /* Body.swift in Sources */,
				EFF8BE6D1DE0935800F75444 /* SCNVector3+Util.swift in Sources */,
				EFF8BE701DE0935E00F75444 /* Orbit.swift in Sources */,
				EF5A5EEB1E0C0CE50080BCF4 /* JulianDateTest.swift in Sources */,
				FC905EE01E13BD3A005E5FAF /* JulianDate.swift in Sources */,
				EFF8BE6F1DE0935C00F75444 /* Kepler.swift in Sources */,
				EFF8BE6C1DE0935600F75444 /* Constants.swift in Sources */,
				EFF8BE6E1DE0935A00F75444 /* Math.swift in Sources */,
			);
			runOnlyForDeploymentPostprocessing = 0;
		};
/* End PBXSourcesBuildPhase section */

/* Begin PBXTargetDependency section */
		EFC2C6AC1D88D02F0031AA9C /* PBXTargetDependency */ = {
			isa = PBXTargetDependency;
			target = EFC2C6931D88D02F0031AA9C /* Graviton */;
			targetProxy = EFC2C6AB1D88D02F0031AA9C /* PBXContainerItemProxy */;
		};
		EFE8BF601DD86B2B000F0A79 /* PBXTargetDependency */ = {
			isa = PBXTargetDependency;
			target = EFE8BF541DD86B2B000F0A79 /* Orbits */;
			targetProxy = EFE8BF5F1DD86B2B000F0A79 /* PBXContainerItemProxy */;
		};
		EFE8BF621DD86B2B000F0A79 /* PBXTargetDependency */ = {
			isa = PBXTargetDependency;
			target = EFC2C6931D88D02F0031AA9C /* Graviton */;
			targetProxy = EFE8BF611DD86B2B000F0A79 /* PBXContainerItemProxy */;
		};
		EFE8BF691DD86B2B000F0A79 /* PBXTargetDependency */ = {
			isa = PBXTargetDependency;
			target = EFE8BF541DD86B2B000F0A79 /* Orbits */;
			targetProxy = EFE8BF681DD86B2B000F0A79 /* PBXContainerItemProxy */;
		};
/* End PBXTargetDependency section */

/* Begin PBXVariantGroup section */
		EFC2C69D1D88D02F0031AA9C /* Main.storyboard */ = {
			isa = PBXVariantGroup;
			children = (
				EFC2C69E1D88D02F0031AA9C /* Base */,
			);
			name = Main.storyboard;
			sourceTree = "<group>";
		};
		EFC2C6A21D88D02F0031AA9C /* LaunchScreen.storyboard */ = {
			isa = PBXVariantGroup;
			children = (
				EFC2C6A31D88D02F0031AA9C /* Base */,
			);
			name = LaunchScreen.storyboard;
			sourceTree = "<group>";
		};
/* End PBXVariantGroup section */

/* Begin XCBuildConfiguration section */
		EFC2C6B11D88D02F0031AA9C /* Debug */ = {
			isa = XCBuildConfiguration;
			buildSettings = {
				ALWAYS_SEARCH_USER_PATHS = NO;
				CLANG_ANALYZER_NONNULL = YES;
				CLANG_CXX_LANGUAGE_STANDARD = "gnu++0x";
				CLANG_CXX_LIBRARY = "libc++";
				CLANG_ENABLE_MODULES = YES;
				CLANG_ENABLE_OBJC_ARC = YES;
				CLANG_WARN_BOOL_CONVERSION = YES;
				CLANG_WARN_CONSTANT_CONVERSION = YES;
				CLANG_WARN_DIRECT_OBJC_ISA_USAGE = YES_ERROR;
				CLANG_WARN_DOCUMENTATION_COMMENTS = YES;
				CLANG_WARN_EMPTY_BODY = YES;
				CLANG_WARN_ENUM_CONVERSION = YES;
				CLANG_WARN_INFINITE_RECURSION = YES;
				CLANG_WARN_INT_CONVERSION = YES;
				CLANG_WARN_OBJC_ROOT_CLASS = YES_ERROR;
				CLANG_WARN_SUSPICIOUS_MOVE = YES;
				CLANG_WARN_SUSPICIOUS_MOVES = YES;
				CLANG_WARN_UNREACHABLE_CODE = YES;
				CLANG_WARN__DUPLICATE_METHOD_MATCH = YES;
				"CODE_SIGN_IDENTITY[sdk=iphoneos*]" = "iPhone Developer";
				COPY_PHASE_STRIP = NO;
				DEBUG_INFORMATION_FORMAT = dwarf;
				ENABLE_STRICT_OBJC_MSGSEND = YES;
				ENABLE_TESTABILITY = YES;
				GCC_C_LANGUAGE_STANDARD = gnu99;
				GCC_DYNAMIC_NO_PIC = NO;
				GCC_NO_COMMON_BLOCKS = YES;
				GCC_OPTIMIZATION_LEVEL = 0;
				GCC_PREPROCESSOR_DEFINITIONS = (
					"DEBUG=1",
					"$(inherited)",
				);
				GCC_WARN_64_TO_32_BIT_CONVERSION = YES;
				GCC_WARN_ABOUT_RETURN_TYPE = YES_ERROR;
				GCC_WARN_UNDECLARED_SELECTOR = YES;
				GCC_WARN_UNINITIALIZED_AUTOS = YES_AGGRESSIVE;
				GCC_WARN_UNUSED_FUNCTION = YES;
				GCC_WARN_UNUSED_VARIABLE = YES;
				IPHONEOS_DEPLOYMENT_TARGET = 10.0;
				MTL_ENABLE_DEBUG_INFO = YES;
				ONLY_ACTIVE_ARCH = YES;
				SDKROOT = iphoneos;
				SWIFT_ACTIVE_COMPILATION_CONDITIONS = DEBUG;
				SWIFT_OPTIMIZATION_LEVEL = "-Onone";
				TARGETED_DEVICE_FAMILY = "1,2";
			};
			name = Debug;
		};
		EFC2C6B21D88D02F0031AA9C /* Release */ = {
			isa = XCBuildConfiguration;
			buildSettings = {
				ALWAYS_SEARCH_USER_PATHS = NO;
				CLANG_ANALYZER_NONNULL = YES;
				CLANG_CXX_LANGUAGE_STANDARD = "gnu++0x";
				CLANG_CXX_LIBRARY = "libc++";
				CLANG_ENABLE_MODULES = YES;
				CLANG_ENABLE_OBJC_ARC = YES;
				CLANG_WARN_BOOL_CONVERSION = YES;
				CLANG_WARN_CONSTANT_CONVERSION = YES;
				CLANG_WARN_DIRECT_OBJC_ISA_USAGE = YES_ERROR;
				CLANG_WARN_DOCUMENTATION_COMMENTS = YES;
				CLANG_WARN_EMPTY_BODY = YES;
				CLANG_WARN_ENUM_CONVERSION = YES;
				CLANG_WARN_INFINITE_RECURSION = YES;
				CLANG_WARN_INT_CONVERSION = YES;
				CLANG_WARN_OBJC_ROOT_CLASS = YES_ERROR;
				CLANG_WARN_SUSPICIOUS_MOVE = YES;
				CLANG_WARN_SUSPICIOUS_MOVES = YES;
				CLANG_WARN_UNREACHABLE_CODE = YES;
				CLANG_WARN__DUPLICATE_METHOD_MATCH = YES;
				"CODE_SIGN_IDENTITY[sdk=iphoneos*]" = "iPhone Developer";
				COPY_PHASE_STRIP = NO;
				DEBUG_INFORMATION_FORMAT = "dwarf-with-dsym";
				ENABLE_NS_ASSERTIONS = NO;
				ENABLE_STRICT_OBJC_MSGSEND = YES;
				GCC_C_LANGUAGE_STANDARD = gnu99;
				GCC_NO_COMMON_BLOCKS = YES;
				GCC_WARN_64_TO_32_BIT_CONVERSION = YES;
				GCC_WARN_ABOUT_RETURN_TYPE = YES_ERROR;
				GCC_WARN_UNDECLARED_SELECTOR = YES;
				GCC_WARN_UNINITIALIZED_AUTOS = YES_AGGRESSIVE;
				GCC_WARN_UNUSED_FUNCTION = YES;
				GCC_WARN_UNUSED_VARIABLE = YES;
				IPHONEOS_DEPLOYMENT_TARGET = 10.0;
				MTL_ENABLE_DEBUG_INFO = NO;
				SDKROOT = iphoneos;
				SWIFT_OPTIMIZATION_LEVEL = "-Owholemodule";
				TARGETED_DEVICE_FAMILY = "1,2";
				VALIDATE_PRODUCT = YES;
			};
			name = Release;
		};
		EFC2C6B41D88D02F0031AA9C /* Debug */ = {
			isa = XCBuildConfiguration;
			buildSettings = {
				ALWAYS_EMBED_SWIFT_STANDARD_LIBRARIES = YES;
				ASSETCATALOG_COMPILER_APPICON_NAME = AppIcon;
				CLANG_ENABLE_MODULES = YES;
				CODE_SIGN_IDENTITY = "iPhone Developer";
				DEVELOPMENT_TEAM = 52RD2GH5DP;
				FRAMEWORK_SEARCH_PATHS = (
					"$(inherited)",
					"$(PROJECT_DIR)/Carthage/Build/iOS",
				);
				INFOPLIST_FILE = Graviton/Info.plist;
				LD_RUNPATH_SEARCH_PATHS = "$(inherited) @executable_path/Frameworks";
				PRODUCT_BUNDLE_IDENTIFIER = com.Square.sihao.Graviton;
				PRODUCT_NAME = "$(TARGET_NAME)";
				SWIFT_OBJC_BRIDGING_HEADER = "";
				SWIFT_OPTIMIZATION_LEVEL = "-Onone";
				SWIFT_VERSION = 3.0;
			};
			name = Debug;
		};
		EFC2C6B51D88D02F0031AA9C /* Release */ = {
			isa = XCBuildConfiguration;
			buildSettings = {
				ALWAYS_EMBED_SWIFT_STANDARD_LIBRARIES = YES;
				ASSETCATALOG_COMPILER_APPICON_NAME = AppIcon;
				CLANG_ENABLE_MODULES = YES;
				DEVELOPMENT_TEAM = 52RD2GH5DP;
				FRAMEWORK_SEARCH_PATHS = (
					"$(inherited)",
					"$(PROJECT_DIR)/Carthage/Build/iOS",
				);
				INFOPLIST_FILE = Graviton/Info.plist;
				LD_RUNPATH_SEARCH_PATHS = "$(inherited) @executable_path/Frameworks";
				PRODUCT_BUNDLE_IDENTIFIER = com.Square.sihao.Graviton;
				PRODUCT_NAME = "$(TARGET_NAME)";
				SWIFT_OBJC_BRIDGING_HEADER = "";
				SWIFT_VERSION = 3.0;
			};
			name = Release;
		};
		EFC2C6B71D88D02F0031AA9C /* Debug */ = {
			isa = XCBuildConfiguration;
			buildSettings = {
				ALWAYS_EMBED_SWIFT_STANDARD_LIBRARIES = YES;
				BUNDLE_LOADER = "$(TEST_HOST)";
				CLANG_ENABLE_MODULES = YES;
				DEVELOPMENT_TEAM = 52RD2GH5DP;
				INFOPLIST_FILE = GravitonTests/Info.plist;
				LD_RUNPATH_SEARCH_PATHS = "$(inherited) @executable_path/Frameworks @loader_path/Frameworks";
				PRODUCT_BUNDLE_IDENTIFIER = com.Square.sihao.GravitonTests;
				PRODUCT_NAME = "$(TARGET_NAME)";
				SWIFT_OPTIMIZATION_LEVEL = "-Onone";
				SWIFT_VERSION = 3.0;
				TEST_HOST = "$(BUILT_PRODUCTS_DIR)/Graviton.app/Graviton";
			};
			name = Debug;
		};
		EFC2C6B81D88D02F0031AA9C /* Release */ = {
			isa = XCBuildConfiguration;
			buildSettings = {
				ALWAYS_EMBED_SWIFT_STANDARD_LIBRARIES = YES;
				BUNDLE_LOADER = "$(TEST_HOST)";
				CLANG_ENABLE_MODULES = YES;
				DEVELOPMENT_TEAM = 52RD2GH5DP;
				INFOPLIST_FILE = GravitonTests/Info.plist;
				LD_RUNPATH_SEARCH_PATHS = "$(inherited) @executable_path/Frameworks @loader_path/Frameworks";
				PRODUCT_BUNDLE_IDENTIFIER = com.Square.sihao.GravitonTests;
				PRODUCT_NAME = "$(TARGET_NAME)";
				SWIFT_VERSION = 3.0;
				TEST_HOST = "$(BUILT_PRODUCTS_DIR)/Graviton.app/Graviton";
			};
			name = Release;
		};
		EFE8BF6D1DD86B2B000F0A79 /* Debug */ = {
			isa = XCBuildConfiguration;
			buildSettings = {
				CLANG_ENABLE_MODULES = YES;
				CODE_SIGN_IDENTITY = "iPhone Developer";
				CURRENT_PROJECT_VERSION = 1;
				DEFINES_MODULE = YES;
				DEVELOPMENT_TEAM = 52RD2GH5DP;
				DYLIB_COMPATIBILITY_VERSION = 1;
				DYLIB_CURRENT_VERSION = 1;
				DYLIB_INSTALL_NAME_BASE = "@rpath";
				INFOPLIST_FILE = Orbits/Info.plist;
				INSTALL_PATH = "$(LOCAL_LIBRARY_DIR)/Frameworks";
				IPHONEOS_DEPLOYMENT_TARGET = 10.0;
				LD_RUNPATH_SEARCH_PATHS = "$(inherited) @executable_path/Frameworks @loader_path/Frameworks";
				PRODUCT_BUNDLE_IDENTIFIER = com.Square.sihao.Orbits;
				PRODUCT_NAME = "$(TARGET_NAME)";
				SKIP_INSTALL = YES;
				SWIFT_OPTIMIZATION_LEVEL = "-Onone";
				SWIFT_VERSION = 3.0;
				VERSIONING_SYSTEM = "apple-generic";
				VERSION_INFO_PREFIX = "";
			};
			name = Debug;
		};
		EFE8BF6E1DD86B2B000F0A79 /* Release */ = {
			isa = XCBuildConfiguration;
			buildSettings = {
				CLANG_ENABLE_MODULES = YES;
				CODE_SIGN_IDENTITY = "";
				CURRENT_PROJECT_VERSION = 1;
				DEFINES_MODULE = YES;
				DEVELOPMENT_TEAM = 52RD2GH5DP;
				DYLIB_COMPATIBILITY_VERSION = 1;
				DYLIB_CURRENT_VERSION = 1;
				DYLIB_INSTALL_NAME_BASE = "@rpath";
				INFOPLIST_FILE = Orbits/Info.plist;
				INSTALL_PATH = "$(LOCAL_LIBRARY_DIR)/Frameworks";
				IPHONEOS_DEPLOYMENT_TARGET = 10.0;
				LD_RUNPATH_SEARCH_PATHS = "$(inherited) @executable_path/Frameworks @loader_path/Frameworks";
				PRODUCT_BUNDLE_IDENTIFIER = com.Square.sihao.Orbits;
				PRODUCT_NAME = "$(TARGET_NAME)";
				SKIP_INSTALL = YES;
				SWIFT_VERSION = 3.0;
				VERSIONING_SYSTEM = "apple-generic";
				VERSION_INFO_PREFIX = "";
			};
			name = Release;
		};
		EFE8BF711DD86B2B000F0A79 /* Debug */ = {
			isa = XCBuildConfiguration;
			buildSettings = {
				ALWAYS_EMBED_SWIFT_STANDARD_LIBRARIES = YES;
				CLANG_ENABLE_MODULES = YES;
				DEVELOPMENT_TEAM = 52RD2GH5DP;
				INFOPLIST_FILE = OrbitsTests/Info.plist;
				IPHONEOS_DEPLOYMENT_TARGET = 10.2;
				LD_RUNPATH_SEARCH_PATHS = "$(inherited) @executable_path/Frameworks @loader_path/Frameworks";
				PRODUCT_BUNDLE_IDENTIFIER = com.Square.sihao.OrbitsTests;
				PRODUCT_NAME = "$(TARGET_NAME)";
				SWIFT_OPTIMIZATION_LEVEL = "-Onone";
				SWIFT_VERSION = 3.0;
				TEST_HOST = "$(BUILT_PRODUCTS_DIR)/Graviton.app/Graviton";
			};
			name = Debug;
		};
		EFE8BF721DD86B2B000F0A79 /* Release */ = {
			isa = XCBuildConfiguration;
			buildSettings = {
				ALWAYS_EMBED_SWIFT_STANDARD_LIBRARIES = YES;
				CLANG_ENABLE_MODULES = YES;
				DEVELOPMENT_TEAM = 52RD2GH5DP;
				INFOPLIST_FILE = OrbitsTests/Info.plist;
				IPHONEOS_DEPLOYMENT_TARGET = 10.2;
				LD_RUNPATH_SEARCH_PATHS = "$(inherited) @executable_path/Frameworks @loader_path/Frameworks";
				PRODUCT_BUNDLE_IDENTIFIER = com.Square.sihao.OrbitsTests;
				PRODUCT_NAME = "$(TARGET_NAME)";
				SWIFT_VERSION = 3.0;
				TEST_HOST = "$(BUILT_PRODUCTS_DIR)/Graviton.app/Graviton";
			};
			name = Release;
		};
/* End XCBuildConfiguration section */

/* Begin XCConfigurationList section */
		EFC2C68F1D88D02F0031AA9C /* Build configuration list for PBXProject "Graviton" */ = {
			isa = XCConfigurationList;
			buildConfigurations = (
				EFC2C6B11D88D02F0031AA9C /* Debug */,
				EFC2C6B21D88D02F0031AA9C /* Release */,
			);
			defaultConfigurationIsVisible = 0;
			defaultConfigurationName = Release;
		};
		EFC2C6B31D88D02F0031AA9C /* Build configuration list for PBXNativeTarget "Graviton" */ = {
			isa = XCConfigurationList;
			buildConfigurations = (
				EFC2C6B41D88D02F0031AA9C /* Debug */,
				EFC2C6B51D88D02F0031AA9C /* Release */,
			);
			defaultConfigurationIsVisible = 0;
			defaultConfigurationName = Release;
		};
		EFC2C6B61D88D02F0031AA9C /* Build configuration list for PBXNativeTarget "GravitonTests" */ = {
			isa = XCConfigurationList;
			buildConfigurations = (
				EFC2C6B71D88D02F0031AA9C /* Debug */,
				EFC2C6B81D88D02F0031AA9C /* Release */,
			);
			defaultConfigurationIsVisible = 0;
			defaultConfigurationName = Release;
		};
		EFE8BF6C1DD86B2B000F0A79 /* Build configuration list for PBXNativeTarget "Orbits" */ = {
			isa = XCConfigurationList;
			buildConfigurations = (
				EFE8BF6D1DD86B2B000F0A79 /* Debug */,
				EFE8BF6E1DD86B2B000F0A79 /* Release */,
			);
			defaultConfigurationIsVisible = 0;
			defaultConfigurationName = Release;
		};
		EFE8BF701DD86B2B000F0A79 /* Build configuration list for PBXNativeTarget "OrbitsTests" */ = {
			isa = XCConfigurationList;
			buildConfigurations = (
				EFE8BF711DD86B2B000F0A79 /* Debug */,
				EFE8BF721DD86B2B000F0A79 /* Release */,
			);
			defaultConfigurationIsVisible = 0;
			defaultConfigurationName = Release;
		};
/* End XCConfigurationList section */
	};
	rootObject = EFC2C68C1D88D02F0031AA9C /* Project object */;
}
