{
  "pins" : [
    {
      "identity" : "orderedset",
      "kind" : "remoteSourceControl",
      "location" : "https://github.com/Weebly/OrderedSet",
      "state" : {
        "branch" : "master",
        "revision" : "cfbf9f5d6a8579d819f02164a236aa3dae9a9fe3"
      }
    },
    {
      "identity" : "realm-cocoa",
      "kind" : "remoteSourceControl",
      "location" : "https://github.com/realm/realm-cocoa.git",
      "state" : {
        "revision" : "9266efac9ef0c79e4e64a2ba36162d8d922893d2",
        "version" : "10.39.0"
      }
    },
    {
      "identity" : "realm-core",
      "kind" : "remoteSourceControl",
      "location" : "https://github.com/realm/realm-core.git",
      "state" : {
        "revision" : "f2a209b164194190b46747c7f5e36cb30fd5db71",
        "version" : "13.10.0"
      }
    },
    {
      "identity" : "regex",
      "kind" : "remoteSourceControl",
      "location" : "https://github.com/sharplet/Regex",
      "state" : {
        "revision" : "76c2b73d4281d77fc3118391877efd1bf972f515",
        "version" : "2.1.1"
      }
    },
    {
      "identity" : "sqlite.swift",
      "kind" : "remoteSourceControl",
      "location" : "https://github.com/stephencelis/SQLite.swift",
      "state" : {
        "revision" : "7a2e3cd27de56f6d396e84f63beefd0267b55ccb",
        "version" : "0.14.1"
      }
    },
    {
      "identity" : "swiftybeaver",
      "kind" : "remoteSourceControl",
      "location" : "https://github.com/SwiftyBeaver/SwiftyBeaver",
      "state" : {
        "revision" : "1080914828ef1c9ca9cd2bad50667b3d847dabff",
        "version" : "2.0.0"
      }
    },
    {
      "identity" : "xlpagertabstrip",
      "kind" : "remoteSourceControl",
      "location" : "https://github.com/nk-5/XLPagerTabStrip/",
      "state" : {
        "branch" : "support_spm",
        "revision" : "6398d7b529e2baa2183a4a5382e6fcc9d27db08a"
      }
    }
  ],
  "version" : 2
}
